
Microsoft Visual Studio Solution File, Format Version 12.00
# Visual Studio Version 17
VisualStudioVersion = 17.11.35303.130
MinimumVisualStudioVersion = 10.0.40219.1
Project("{2150E333-8FDC-42A3-9474-1A3956D46DE8}") = "Task0", "Task0", "{995BF25C-138C-41CD-921D-8749193A4C09}"
EndProject
Project("{9A19103F-16F7-4668-BE54-9A1E7A4F7556}") = "Tyuiu.TomilovDA.Sprint3.Task0.V25.Lib", "Tyuiu.TomilovDA.Sprint3.Task0.V25.Lib\Tyuiu.TomilovDA.Sprint3.Task0.V25.Lib.csproj", "{4E71645D-E036-4A16-BDCD-75F5A84977D1}"
EndProject
Project("{9A19103F-16F7-4668-BE54-9A1E7A4F7556}") = "Tyuiu.TomilovDA.Sprint3.Task0.V25", "Tyuiu.TomilovDA.Sprint3.Task0.V25\Tyuiu.TomilovDA.Sprint3.Task0.V25.csproj", "{5B94E58E-4475-48C4-9C6E-8A75279EA7C7}"
EndProject
Project("{9A19103F-16F7-4668-BE54-9A1E7A4F7556}") = "Tyuiu.TomilovDA.Sprint3.Task0.V25.Test", "Tyuiu.TomilovDA.Sprint3.Task0.V25.Test\Tyuiu.TomilovDA.Sprint3.Task0.V25.Test.csproj", "{2D22A8AD-4FB6-4C6B-8113-90F1B7C6A956}"
EndProject
Project("{2150E333-8FDC-42A3-9474-1A3956D46DE8}") = "Task1", "Task1", "{DBD72449-382E-4751-AB53-89D03C8D40FA}"
EndProject
Project("{9A19103F-16F7-4668-BE54-9A1E7A4F7556}") = "Tyuiu.TomilovDA.Sprint3.Task1.V27.Lib", "Tyuiu.TomilovDA.Sprint3.Task1.V27.Lib\Tyuiu.TomilovDA.Sprint3.Task1.V27.Lib.csproj", "{634EF2F0-767B-4656-9AB0-825B38A342BF}"
EndProject
Project("{9A19103F-16F7-4668-BE54-9A1E7A4F7556}") = "Tyuiu.TomilovDA.Sprint3.Task1.V27", "Tyuiu.TomilovDA.Sprint3.Task1.V27\Tyuiu.TomilovDA.Sprint3.Task1.V27.csproj", "{FFB1D269-2FDF-435B-BDF0-FA02D755244A}"
EndProject
Project("{9A19103F-16F7-4668-BE54-9A1E7A4F7556}") = "Tyuiu.TomilovDA.Sprint3.Task1.V27.Test", "Tyuiu.TomilovDA.Sprint3.Task1.V27.Test\Tyuiu.TomilovDA.Sprint3.Task1.V27.Test.csproj", "{83C0E501-9A77-4016-AB8F-6007012306CA}"
EndProject
Project("{2150E333-8FDC-42A3-9474-1A3956D46DE8}") = "Task2", "Task2", "{4DDF9945-FB3F-48B9-B4A7-ED39356CAE16}"
EndProject
Project("{9A19103F-16F7-4668-BE54-9A1E7A4F7556}") = "Tyuiu.TomilovDA.Sprint3.Task2.V26.Lib", "Tyuiu.TomilovDA.Sprint3.Task2.V26.Lib\Tyuiu.TomilovDA.Sprint3.Task2.V26.Lib.csproj", "{1BB61C71-D851-4E61-B538-77D9859495C5}"
EndProject
Project("{9A19103F-16F7-4668-BE54-9A1E7A4F7556}") = "Tyuiu.TomilovDA.Sprint3.Task2.V26", "Tyuiu.TomilovDA.Sprint3.Task2.V26\Tyuiu.TomilovDA.Sprint3.Task2.V26.csproj", "{878613A3-A2D4-4095-871C-2C701BA5F18C}"
EndProject
Project("{9A19103F-16F7-4668-BE54-9A1E7A4F7556}") = "Tyuiu.TomilovDA.Sprint3.Task2.V26.Test", "Tyuiu.TomilovDA.Sprint3.Task2.V26.Test\Tyuiu.TomilovDA.Sprint3.Task2.V26.Test.csproj", "{4EAB2068-1201-46EE-B314-4CACD750390C}"
EndProject
Project("{9A19103F-16F7-4668-BE54-9A1E7A4F7556}") = "Tyuiu.TomilovDA.Sprint3.Task3.V15.Lib", "Tyuiu.TomilovDA.Sprint3.Task3.V15.Lib\Tyuiu.TomilovDA.Sprint3.Task3.V15.Lib.csproj", "{95065CA0-F766-475C-B8B0-0E3B0E8E9A5B}"
EndProject
Project("{9A19103F-16F7-4668-BE54-9A1E7A4F7556}") = "Tyuiu.TomilovDA.Sprint3.Task3.V15", "Tyuiu.TomilovDA.Sprint3.Task3.V15\Tyuiu.TomilovDA.Sprint3.Task3.V15.csproj", "{5BE9D192-091F-4280-B443-3012CC8A044E}"
EndProject
Project("{9A19103F-16F7-4668-BE54-9A1E7A4F7556}") = "Tyuiu.TomilovDA.Sprint3.Task3.V15.Test", "Tyuiu.TomilovDA.Sprint3.Task3.V15.Test\Tyuiu.TomilovDA.Sprint3.Task3.V15.Test.csproj", "{03BCA7B8-74DB-4CC3-81AC-CB78297950C1}"
EndProject
Project("{2150E333-8FDC-42A3-9474-1A3956D46DE8}") = "Task3", "Task3", "{87FB89B3-5DFF-4EEF-A0A8-5FC593982046}"
EndProject
Project("{2150E333-8FDC-42A3-9474-1A3956D46DE8}") = "Task4", "Task4", "{0A368CFE-A00A-4C96-A679-D96C11571FEA}"
EndProject
Project("{9A19103F-16F7-4668-BE54-9A1E7A4F7556}") = "Tyuiu.TomilovDA.Sprint3.Task4.V15.Lib", "Tyuiu.TomilovDA.Sprint3.Task4.V15.Lib\Tyuiu.TomilovDA.Sprint3.Task4.V15.Lib.csproj", "{1D8EE1CF-1D17-4A25-A07D-046FB0C1E0E2}"
EndProject
Project("{9A19103F-16F7-4668-BE54-9A1E7A4F7556}") = "Tyuiu.TomilovDA.Sprint3.Task4.V15", "Tyuiu.TomilovDA.Sprint3.Task4.V15\Tyuiu.TomilovDA.Sprint3.Task4.V15.csproj", "{22AF5E1E-A788-4EF1-A838-CD6495031216}"
EndProject
Project("{9A19103F-16F7-4668-BE54-9A1E7A4F7556}") = "Tyuiu.TomilovDA.Sprint3.Task4.V15.Test", "Tyuiu.TomilovDA.Sprint3.Task4.V15.Test\Tyuiu.TomilovDA.Sprint3.Task4.V15.Test.csproj", "{1E6FBBF0-8904-44C7-B4BC-ADD8940C83F4}"
EndProject
Project("{9A19103F-16F7-4668-BE54-9A1E7A4F7556}") = "Tyuiu.TomilovDA.Sprint3.Task5.V24.Lib", "Tyuiu.TomilovDA.Sprint3.Task5.V24.Lib\Tyuiu.TomilovDA.Sprint3.Task5.V24.Lib.csproj", "{8242FDAF-3304-486E-B01F-4761EEC46600}"
EndProject
Project("{9A19103F-16F7-4668-BE54-9A1E7A4F7556}") = "Tyuiu.TomilovDA.Sprint3.Task5.V24", "Tyuiu.TomilovDA.Sprint3.Task5.V24\Tyuiu.TomilovDA.Sprint3.Task5.V24.csproj", "{C4E3F145-9457-472D-AF7A-56685E44BB49}"
EndProject
Project("{9A19103F-16F7-4668-BE54-9A1E7A4F7556}") = "Tyuiu.TomilovDA.Sprint3.Task5.V24.Test", "Tyuiu.TomilovDA.Sprint3.Task5.V24.Test\Tyuiu.TomilovDA.Sprint3.Task5.V24.Test.csproj", "{DD7347C5-60EE-47FE-AED5-ED5B6B2F1A91}"
EndProject
Project("{2150E333-8FDC-42A3-9474-1A3956D46DE8}") = "Task5", "Task5", "{0E4ECBDB-E378-45CF-A935-34A170407F4A}"
EndProject
Global
	GlobalSection(SolutionConfigurationPlatforms) = preSolution
		Debug|Any CPU = Debug|Any CPU
		Debug|x64 = Debug|x64
		Debug|x86 = Debug|x86
		Release|Any CPU = Release|Any CPU
		Release|x64 = Release|x64
		Release|x86 = Release|x86
	EndGlobalSection
	GlobalSection(ProjectConfigurationPlatforms) = postSolution
		{4E71645D-E036-4A16-BDCD-75F5A84977D1}.Debug|Any CPU.ActiveCfg = Debug|Any CPU
		{4E71645D-E036-4A16-BDCD-75F5A84977D1}.Debug|Any CPU.Build.0 = Debug|Any CPU
		{4E71645D-E036-4A16-BDCD-75F5A84977D1}.Debug|x64.ActiveCfg = Debug|Any CPU
		{4E71645D-E036-4A16-BDCD-75F5A84977D1}.Debug|x64.Build.0 = Debug|Any CPU
		{4E71645D-E036-4A16-BDCD-75F5A84977D1}.Debug|x86.ActiveCfg = Debug|Any CPU
		{4E71645D-E036-4A16-BDCD-75F5A84977D1}.Debug|x86.Build.0 = Debug|Any CPU
		{4E71645D-E036-4A16-BDCD-75F5A84977D1}.Release|Any CPU.ActiveCfg = Release|Any CPU
		{4E71645D-E036-4A16-BDCD-75F5A84977D1}.Release|Any CPU.Build.0 = Release|Any CPU
		{4E71645D-E036-4A16-BDCD-75F5A84977D1}.Release|x64.ActiveCfg = Release|Any CPU
		{4E71645D-E036-4A16-BDCD-75F5A84977D1}.Release|x64.Build.0 = Release|Any CPU
		{4E71645D-E036-4A16-BDCD-75F5A84977D1}.Release|x86.ActiveCfg = Release|Any CPU
		{4E71645D-E036-4A16-BDCD-75F5A84977D1}.Release|x86.Build.0 = Release|Any CPU
		{5B94E58E-4475-48C4-9C6E-8A75279EA7C7}.Debug|Any CPU.ActiveCfg = Debug|Any CPU
		{5B94E58E-4475-48C4-9C6E-8A75279EA7C7}.Debug|Any CPU.Build.0 = Debug|Any CPU
		{5B94E58E-4475-48C4-9C6E-8A75279EA7C7}.Debug|x64.ActiveCfg = Debug|Any CPU
		{5B94E58E-4475-48C4-9C6E-8A75279EA7C7}.Debug|x64.Build.0 = Debug|Any CPU
		{5B94E58E-4475-48C4-9C6E-8A75279EA7C7}.Debug|x86.ActiveCfg = Debug|Any CPU
		{5B94E58E-4475-48C4-9C6E-8A75279EA7C7}.Debug|x86.Build.0 = Debug|Any CPU
		{5B94E58E-4475-48C4-9C6E-8A75279EA7C7}.Release|Any CPU.ActiveCfg = Release|Any CPU
		{5B94E58E-4475-48C4-9C6E-8A75279EA7C7}.Release|Any CPU.Build.0 = Release|Any CPU
		{5B94E58E-4475-48C4-9C6E-8A75279EA7C7}.Release|x64.ActiveCfg = Release|Any CPU
		{5B94E58E-4475-48C4-9C6E-8A75279EA7C7}.Release|x64.Build.0 = Release|Any CPU
		{5B94E58E-4475-48C4-9C6E-8A75279EA7C7}.Release|x86.ActiveCfg = Release|Any CPU
		{5B94E58E-4475-48C4-9C6E-8A75279EA7C7}.Release|x86.Build.0 = Release|Any CPU
		{2D22A8AD-4FB6-4C6B-8113-90F1B7C6A956}.Debug|Any CPU.ActiveCfg = Debug|Any CPU
		{2D22A8AD-4FB6-4C6B-8113-90F1B7C6A956}.Debug|Any CPU.Build.0 = Debug|Any CPU
		{2D22A8AD-4FB6-4C6B-8113-90F1B7C6A956}.Debug|x64.ActiveCfg = Debug|Any CPU
		{2D22A8AD-4FB6-4C6B-8113-90F1B7C6A956}.Debug|x64.Build.0 = Debug|Any CPU
		{2D22A8AD-4FB6-4C6B-8113-90F1B7C6A956}.Debug|x86.ActiveCfg = Debug|Any CPU
		{2D22A8AD-4FB6-4C6B-8113-90F1B7C6A956}.Debug|x86.Build.0 = Debug|Any CPU
		{2D22A8AD-4FB6-4C6B-8113-90F1B7C6A956}.Release|Any CPU.ActiveCfg = Release|Any CPU
		{2D22A8AD-4FB6-4C6B-8113-90F1B7C6A956}.Release|Any CPU.Build.0 = Release|Any CPU
		{2D22A8AD-4FB6-4C6B-8113-90F1B7C6A956}.Release|x64.ActiveCfg = Release|Any CPU
		{2D22A8AD-4FB6-4C6B-8113-90F1B7C6A956}.Release|x64.Build.0 = Release|Any CPU
		{2D22A8AD-4FB6-4C6B-8113-90F1B7C6A956}.Release|x86.ActiveCfg = Release|Any CPU
		{2D22A8AD-4FB6-4C6B-8113-90F1B7C6A956}.Release|x86.Build.0 = Release|Any CPU
		{634EF2F0-767B-4656-9AB0-825B38A342BF}.Debug|Any CPU.ActiveCfg = Debug|Any CPU
		{634EF2F0-767B-4656-9AB0-825B38A342BF}.Debug|Any CPU.Build.0 = Debug|Any CPU
		{634EF2F0-767B-4656-9AB0-825B38A342BF}.Debug|x64.ActiveCfg = Debug|Any CPU
		{634EF2F0-767B-4656-9AB0-825B38A342BF}.Debug|x64.Build.0 = Debug|Any CPU
		{634EF2F0-767B-4656-9AB0-825B38A342BF}.Debug|x86.ActiveCfg = Debug|Any CPU
		{634EF2F0-767B-4656-9AB0-825B38A342BF}.Debug|x86.Build.0 = Debug|Any CPU
		{634EF2F0-767B-4656-9AB0-825B38A342BF}.Release|Any CPU.ActiveCfg = Release|Any CPU
		{634EF2F0-767B-4656-9AB0-825B38A342BF}.Release|Any CPU.Build.0 = Release|Any CPU
		{634EF2F0-767B-4656-9AB0-825B38A342BF}.Release|x64.ActiveCfg = Release|Any CPU
		{634EF2F0-767B-4656-9AB0-825B38A342BF}.Release|x64.Build.0 = Release|Any CPU
		{634EF2F0-767B-4656-9AB0-825B38A342BF}.Release|x86.ActiveCfg = Release|Any CPU
		{634EF2F0-767B-4656-9AB0-825B38A342BF}.Release|x86.Build.0 = Release|Any CPU
		{FFB1D269-2FDF-435B-BDF0-FA02D755244A}.Debug|Any CPU.ActiveCfg = Debug|Any CPU
		{FFB1D269-2FDF-435B-BDF0-FA02D755244A}.Debug|Any CPU.Build.0 = Debug|Any CPU
		{FFB1D269-2FDF-435B-BDF0-FA02D755244A}.Debug|x64.ActiveCfg = Debug|Any CPU
		{FFB1D269-2FDF-435B-BDF0-FA02D755244A}.Debug|x64.Build.0 = Debug|Any CPU
		{FFB1D269-2FDF-435B-BDF0-FA02D755244A}.Debug|x86.ActiveCfg = Debug|Any CPU
		{FFB1D269-2FDF-435B-BDF0-FA02D755244A}.Debug|x86.Build.0 = Debug|Any CPU
		{FFB1D269-2FDF-435B-BDF0-FA02D755244A}.Release|Any CPU.ActiveCfg = Release|Any CPU
		{FFB1D269-2FDF-435B-BDF0-FA02D755244A}.Release|Any CPU.Build.0 = Release|Any CPU
		{FFB1D269-2FDF-435B-BDF0-FA02D755244A}.Release|x64.ActiveCfg = Release|Any CPU
		{FFB1D269-2FDF-435B-BDF0-FA02D755244A}.Release|x64.Build.0 = Release|Any CPU
		{FFB1D269-2FDF-435B-BDF0-FA02D755244A}.Release|x86.ActiveCfg = Release|Any CPU
		{FFB1D269-2FDF-435B-BDF0-FA02D755244A}.Release|x86.Build.0 = Release|Any CPU
		{83C0E501-9A77-4016-AB8F-6007012306CA}.Debug|Any CPU.ActiveCfg = Debug|Any CPU
		{83C0E501-9A77-4016-AB8F-6007012306CA}.Debug|Any CPU.Build.0 = Debug|Any CPU
		{83C0E501-9A77-4016-AB8F-6007012306CA}.Debug|x64.ActiveCfg = Debug|Any CPU
		{83C0E501-9A77-4016-AB8F-6007012306CA}.Debug|x64.Build.0 = Debug|Any CPU
		{83C0E501-9A77-4016-AB8F-6007012306CA}.Debug|x86.ActiveCfg = Debug|Any CPU
		{83C0E501-9A77-4016-AB8F-6007012306CA}.Debug|x86.Build.0 = Debug|Any CPU
		{83C0E501-9A77-4016-AB8F-6007012306CA}.Release|Any CPU.ActiveCfg = Release|Any CPU
		{83C0E501-9A77-4016-AB8F-6007012306CA}.Release|Any CPU.Build.0 = Release|Any CPU
		{83C0E501-9A77-4016-AB8F-6007012306CA}.Release|x64.ActiveCfg = Release|Any CPU
		{83C0E501-9A77-4016-AB8F-6007012306CA}.Release|x64.Build.0 = Release|Any CPU
		{83C0E501-9A77-4016-AB8F-6007012306CA}.Release|x86.ActiveCfg = Release|Any CPU
		{83C0E501-9A77-4016-AB8F-6007012306CA}.Release|x86.Build.0 = Release|Any CPU
		{1BB61C71-D851-4E61-B538-77D9859495C5}.Debug|Any CPU.ActiveCfg = Debug|Any CPU
		{1BB61C71-D851-4E61-B538-77D9859495C5}.Debug|Any CPU.Build.0 = Debug|Any CPU
		{1BB61C71-D851-4E61-B538-77D9859495C5}.Debug|x64.ActiveCfg = Debug|Any CPU
		{1BB61C71-D851-4E61-B538-77D9859495C5}.Debug|x64.Build.0 = Debug|Any CPU
		{1BB61C71-D851-4E61-B538-77D9859495C5}.Debug|x86.ActiveCfg = Debug|Any CPU
		{1BB61C71-D851-4E61-B538-77D9859495C5}.Debug|x86.Build.0 = Debug|Any CPU
		{1BB61C71-D851-4E61-B538-77D9859495C5}.Release|Any CPU.ActiveCfg = Release|Any CPU
		{1BB61C71-D851-4E61-B538-77D9859495C5}.Release|Any CPU.Build.0 = Release|Any CPU
		{1BB61C71-D851-4E61-B538-77D9859495C5}.Release|x64.ActiveCfg = Release|Any CPU
		{1BB61C71-D851-4E61-B538-77D9859495C5}.Release|x64.Build.0 = Release|Any CPU
		{1BB61C71-D851-4E61-B538-77D9859495C5}.Release|x86.ActiveCfg = Release|Any CPU
		{1BB61C71-D851-4E61-B538-77D9859495C5}.Release|x86.Build.0 = Release|Any CPU
		{878613A3-A2D4-4095-871C-2C701BA5F18C}.Debug|Any CPU.ActiveCfg = Debug|Any CPU
		{878613A3-A2D4-4095-871C-2C701BA5F18C}.Debug|Any CPU.Build.0 = Debug|Any CPU
		{878613A3-A2D4-4095-871C-2C701BA5F18C}.Debug|x64.ActiveCfg = Debug|Any CPU
		{878613A3-A2D4-4095-871C-2C701BA5F18C}.Debug|x64.Build.0 = Debug|Any CPU
		{878613A3-A2D4-4095-871C-2C701BA5F18C}.Debug|x86.ActiveCfg = Debug|Any CPU
		{878613A3-A2D4-4095-871C-2C701BA5F18C}.Debug|x86.Build.0 = Debug|Any CPU
		{878613A3-A2D4-4095-871C-2C701BA5F18C}.Release|Any CPU.ActiveCfg = Release|Any CPU
		{878613A3-A2D4-4095-871C-2C701BA5F18C}.Release|Any CPU.Build.0 = Release|Any CPU
		{878613A3-A2D4-4095-871C-2C701BA5F18C}.Release|x64.ActiveCfg = Release|Any CPU
		{878613A3-A2D4-4095-871C-2C701BA5F18C}.Release|x64.Build.0 = Release|Any CPU
		{878613A3-A2D4-4095-871C-2C701BA5F18C}.Release|x86.ActiveCfg = Release|Any CPU
		{878613A3-A2D4-4095-871C-2C701BA5F18C}.Release|x86.Build.0 = Release|Any CPU
		{4EAB2068-1201-46EE-B314-4CACD750390C}.Debug|Any CPU.ActiveCfg = Debug|Any CPU
		{4EAB2068-1201-46EE-B314-4CACD750390C}.Debug|Any CPU.Build.0 = Debug|Any CPU
		{4EAB2068-1201-46EE-B314-4CACD750390C}.Debug|x64.ActiveCfg = Debug|Any CPU
		{4EAB2068-1201-46EE-B314-4CACD750390C}.Debug|x64.Build.0 = Debug|Any CPU
		{4EAB2068-1201-46EE-B314-4CACD750390C}.Debug|x86.ActiveCfg = Debug|Any CPU
		{4EAB2068-1201-46EE-B314-4CACD750390C}.Debug|x86.Build.0 = Debug|Any CPU
		{4EAB2068-1201-46EE-B314-4CACD750390C}.Release|Any CPU.ActiveCfg = Release|Any CPU
		{4EAB2068-1201-46EE-B314-4CACD750390C}.Release|Any CPU.Build.0 = Release|Any CPU
		{4EAB2068-1201-46EE-B314-4CACD750390C}.Release|x64.ActiveCfg = Release|Any CPU
		{4EAB2068-1201-46EE-B314-4CACD750390C}.Release|x64.Build.0 = Release|Any CPU
		{4EAB2068-1201-46EE-B314-4CACD750390C}.Release|x86.ActiveCfg = Release|Any CPU
		{4EAB2068-1201-46EE-B314-4CACD750390C}.Release|x86.Build.0 = Release|Any CPU
		{95065CA0-F766-475C-B8B0-0E3B0E8E9A5B}.Debug|Any CPU.ActiveCfg = Debug|Any CPU
		{95065CA0-F766-475C-B8B0-0E3B0E8E9A5B}.Debug|Any CPU.Build.0 = Debug|Any CPU
		{95065CA0-F766-475C-B8B0-0E3B0E8E9A5B}.Debug|x64.ActiveCfg = Debug|Any CPU
		{95065CA0-F766-475C-B8B0-0E3B0E8E9A5B}.Debug|x64.Build.0 = Debug|Any CPU
		{95065CA0-F766-475C-B8B0-0E3B0E8E9A5B}.Debug|x86.ActiveCfg = Debug|Any CPU
		{95065CA0-F766-475C-B8B0-0E3B0E8E9A5B}.Debug|x86.Build.0 = Debug|Any CPU
		{95065CA0-F766-475C-B8B0-0E3B0E8E9A5B}.Release|Any CPU.ActiveCfg = Release|Any CPU
		{95065CA0-F766-475C-B8B0-0E3B0E8E9A5B}.Release|Any CPU.Build.0 = Release|Any CPU
		{95065CA0-F766-475C-B8B0-0E3B0E8E9A5B}.Release|x64.ActiveCfg = Release|Any CPU
		{95065CA0-F766-475C-B8B0-0E3B0E8E9A5B}.Release|x64.Build.0 = Release|Any CPU
		{95065CA0-F766-475C-B8B0-0E3B0E8E9A5B}.Release|x86.ActiveCfg = Release|Any CPU
		{95065CA0-F766-475C-B8B0-0E3B0E8E9A5B}.Release|x86.Build.0 = Release|Any CPU
		{5BE9D192-091F-4280-B443-3012CC8A044E}.Debug|Any CPU.ActiveCfg = Debug|Any CPU
		{5BE9D192-091F-4280-B443-3012CC8A044E}.Debug|Any CPU.Build.0 = Debug|Any CPU
		{5BE9D192-091F-4280-B443-3012CC8A044E}.Debug|x64.ActiveCfg = Debug|Any CPU
		{5BE9D192-091F-4280-B443-3012CC8A044E}.Debug|x64.Build.0 = Debug|Any CPU
		{5BE9D192-091F-4280-B443-3012CC8A044E}.Debug|x86.ActiveCfg = Debug|Any CPU
		{5BE9D192-091F-4280-B443-3012CC8A044E}.Debug|x86.Build.0 = Debug|Any CPU
		{5BE9D192-091F-4280-B443-3012CC8A044E}.Release|Any CPU.ActiveCfg = Release|Any CPU
		{5BE9D192-091F-4280-B443-3012CC8A044E}.Release|Any CPU.Build.0 = Release|Any CPU
		{5BE9D192-091F-4280-B443-3012CC8A044E}.Release|x64.ActiveCfg = Release|Any CPU
		{5BE9D192-091F-4280-B443-3012CC8A044E}.Release|x64.Build.0 = Release|Any CPU
		{5BE9D192-091F-4280-B443-3012CC8A044E}.Release|x86.ActiveCfg = Release|Any CPU
		{5BE9D192-091F-4280-B443-3012CC8A044E}.Release|x86.Build.0 = Release|Any CPU
		{03BCA7B8-74DB-4CC3-81AC-CB78297950C1}.Debug|Any CPU.ActiveCfg = Debug|Any CPU
		{03BCA7B8-74DB-4CC3-81AC-CB78297950C1}.Debug|Any CPU.Build.0 = Debug|Any CPU
		{03BCA7B8-74DB-4CC3-81AC-CB78297950C1}.Debug|x64.ActiveCfg = Debug|Any CPU
		{03BCA7B8-74DB-4CC3-81AC-CB78297950C1}.Debug|x64.Build.0 = Debug|Any CPU
		{03BCA7B8-74DB-4CC3-81AC-CB78297950C1}.Debug|x86.ActiveCfg = Debug|Any CPU
		{03BCA7B8-74DB-4CC3-81AC-CB78297950C1}.Debug|x86.Build.0 = Debug|Any CPU
		{03BCA7B8-74DB-4CC3-81AC-CB78297950C1}.Release|Any CPU.ActiveCfg = Release|Any CPU
		{03BCA7B8-74DB-4CC3-81AC-CB78297950C1}.Release|Any CPU.Build.0 = Release|Any CPU
		{03BCA7B8-74DB-4CC3-81AC-CB78297950C1}.Release|x64.ActiveCfg = Release|Any CPU
		{03BCA7B8-74DB-4CC3-81AC-CB78297950C1}.Release|x64.Build.0 = Release|Any CPU
		{03BCA7B8-74DB-4CC3-81AC-CB78297950C1}.Release|x86.ActiveCfg = Release|Any CPU
		{03BCA7B8-74DB-4CC3-81AC-CB78297950C1}.Release|x86.Build.0 = Release|Any CPU
		{1D8EE1CF-1D17-4A25-A07D-046FB0C1E0E2}.Debug|Any CPU.ActiveCfg = Debug|Any CPU
		{1D8EE1CF-1D17-4A25-A07D-046FB0C1E0E2}.Debug|Any CPU.Build.0 = Debug|Any CPU
		{1D8EE1CF-1D17-4A25-A07D-046FB0C1E0E2}.Debug|x64.ActiveCfg = Debug|Any CPU
		{1D8EE1CF-1D17-4A25-A07D-046FB0C1E0E2}.Debug|x64.Build.0 = Debug|Any CPU
		{1D8EE1CF-1D17-4A25-A07D-046FB0C1E0E2}.Debug|x86.ActiveCfg = Debug|Any CPU
		{1D8EE1CF-1D17-4A25-A07D-046FB0C1E0E2}.Debug|x86.Build.0 = Debug|Any CPU
		{1D8EE1CF-1D17-4A25-A07D-046FB0C1E0E2}.Release|Any CPU.ActiveCfg = Release|Any CPU
		{1D8EE1CF-1D17-4A25-A07D-046FB0C1E0E2}.Release|Any CPU.Build.0 = Release|Any CPU
		{1D8EE1CF-1D17-4A25-A07D-046FB0C1E0E2}.Release|x64.ActiveCfg = Release|Any CPU
		{1D8EE1CF-1D17-4A25-A07D-046FB0C1E0E2}.Release|x64.Build.0 = Release|Any CPU
		{1D8EE1CF-1D17-4A25-A07D-046FB0C1E0E2}.Release|x86.ActiveCfg = Release|Any CPU
		{1D8EE1CF-1D17-4A25-A07D-046FB0C1E0E2}.Release|x86.Build.0 = Release|Any CPU
		{22AF5E1E-A788-4EF1-A838-CD6495031216}.Debug|Any CPU.ActiveCfg = Debug|Any CPU
		{22AF5E1E-A788-4EF1-A838-CD6495031216}.Debug|Any CPU.Build.0 = Debug|Any CPU
		{22AF5E1E-A788-4EF1-A838-CD6495031216}.Debug|x64.ActiveCfg = Debug|Any CPU
		{22AF5E1E-A788-4EF1-A838-CD6495031216}.Debug|x64.Build.0 = Debug|Any CPU
		{22AF5E1E-A788-4EF1-A838-CD6495031216}.Debug|x86.ActiveCfg = Debug|Any CPU
		{22AF5E1E-A788-4EF1-A838-CD6495031216}.Debug|x86.Build.0 = Debug|Any CPU
		{22AF5E1E-A788-4EF1-A838-CD6495031216}.Release|Any CPU.ActiveCfg = Release|Any CPU
		{22AF5E1E-A788-4EF1-A838-CD6495031216}.Release|Any CPU.Build.0 = Release|Any CPU
		{22AF5E1E-A788-4EF1-A838-CD6495031216}.Release|x64.ActiveCfg = Release|Any CPU
		{22AF5E1E-A788-4EF1-A838-CD6495031216}.Release|x64.Build.0 = Release|Any CPU
		{22AF5E1E-A788-4EF1-A838-CD6495031216}.Release|x86.ActiveCfg = Release|Any CPU
		{22AF5E1E-A788-4EF1-A838-CD6495031216}.Release|x86.Build.0 = Release|Any CPU
		{1E6FBBF0-8904-44C7-B4BC-ADD8940C83F4}.Debug|Any CPU.ActiveCfg = Debug|Any CPU
		{1E6FBBF0-8904-44C7-B4BC-ADD8940C83F4}.Debug|Any CPU.Build.0 = Debug|Any CPU
		{1E6FBBF0-8904-44C7-B4BC-ADD8940C83F4}.Debug|x64.ActiveCfg = Debug|Any CPU
		{1E6FBBF0-8904-44C7-B4BC-ADD8940C83F4}.Debug|x64.Build.0 = Debug|Any CPU
		{1E6FBBF0-8904-44C7-B4BC-ADD8940C83F4}.Debug|x86.ActiveCfg = Debug|Any CPU
		{1E6FBBF0-8904-44C7-B4BC-ADD8940C83F4}.Debug|x86.Build.0 = Debug|Any CPU
		{1E6FBBF0-8904-44C7-B4BC-ADD8940C83F4}.Release|Any CPU.ActiveCfg = Release|Any CPU
		{1E6FBBF0-8904-44C7-B4BC-ADD8940C83F4}.Release|Any CPU.Build.0 = Release|Any CPU
		{1E6FBBF0-8904-44C7-B4BC-ADD8940C83F4}.Release|x64.ActiveCfg = Release|Any CPU
		{1E6FBBF0-8904-44C7-B4BC-ADD8940C83F4}.Release|x64.Build.0 = Release|Any CPU
		{1E6FBBF0-8904-44C7-B4BC-ADD8940C83F4}.Release|x86.ActiveCfg = Release|Any CPU
		{1E6FBBF0-8904-44C7-B4BC-ADD8940C83F4}.Release|x86.Build.0 = Release|Any CPU
		{8242FDAF-3304-486E-B01F-4761EEC46600}.Debug|Any CPU.ActiveCfg = Debug|Any CPU
		{8242FDAF-3304-486E-B01F-4761EEC46600}.Debug|Any CPU.Build.0 = Debug|Any CPU
		{8242FDAF-3304-486E-B01F-4761EEC46600}.Debug|x64.ActiveCfg = Debug|Any CPU
		{8242FDAF-3304-486E-B01F-4761EEC46600}.Debug|x64.Build.0 = Debug|Any CPU
		{8242FDAF-3304-486E-B01F-4761EEC46600}.Debug|x86.ActiveCfg = Debug|Any CPU
		{8242FDAF-3304-486E-B01F-4761EEC46600}.Debug|x86.Build.0 = Debug|Any CPU
		{8242FDAF-3304-486E-B01F-4761EEC46600}.Release|Any CPU.ActiveCfg = Release|Any CPU
		{8242FDAF-3304-486E-B01F-4761EEC46600}.Release|Any CPU.Build.0 = Release|Any CPU
		{8242FDAF-3304-486E-B01F-4761EEC46600}.Release|x64.ActiveCfg = Release|Any CPU
		{8242FDAF-3304-486E-B01F-4761EEC46600}.Release|x64.Build.0 = Release|Any CPU
		{8242FDAF-3304-486E-B01F-4761EEC46600}.Release|x86.ActiveCfg = Release|Any CPU
		{8242FDAF-3304-486E-B01F-4761EEC46600}.Release|x86.Build.0 = Release|Any CPU
		{C4E3F145-9457-472D-AF7A-56685E44BB49}.Debug|Any CPU.ActiveCfg = Debug|Any CPU
		{C4E3F145-9457-472D-AF7A-56685E44BB49}.Debug|Any CPU.Build.0 = Debug|Any CPU
		{C4E3F145-9457-472D-AF7A-56685E44BB49}.Debug|x64.ActiveCfg = Debug|Any CPU
		{C4E3F145-9457-472D-AF7A-56685E44BB49}.Debug|x64.Build.0 = Debug|Any CPU
		{C4E3F145-9457-472D-AF7A-56685E44BB49}.Debug|x86.ActiveCfg = Debug|Any CPU
		{C4E3F145-9457-472D-AF7A-56685E44BB49}.Debug|x86.Build.0 = Debug|Any CPU
		{C4E3F145-9457-472D-AF7A-56685E44BB49}.Release|Any CPU.ActiveCfg = Release|Any CPU
		{C4E3F145-9457-472D-AF7A-56685E44BB49}.Release|Any CPU.Build.0 = Release|Any CPU
		{C4E3F145-9457-472D-AF7A-56685E44BB49}.Release|x64.ActiveCfg = Release|Any CPU
		{C4E3F145-9457-472D-AF7A-56685E44BB49}.Release|x64.Build.0 = Release|Any CPU
		{C4E3F145-9457-472D-AF7A-56685E44BB49}.Release|x86.ActiveCfg = Release|Any CPU
		{C4E3F145-9457-472D-AF7A-56685E44BB49}.Release|x86.Build.0 = Release|Any CPU
		{DD7347C5-60EE-47FE-AED5-ED5B6B2F1A91}.Debug|Any CPU.ActiveCfg = Debug|Any CPU
		{DD7347C5-60EE-47FE-AED5-ED5B6B2F1A91}.Debug|Any CPU.Build.0 = Debug|Any CPU
		{DD7347C5-60EE-47FE-AED5-ED5B6B2F1A91}.Debug|x64.ActiveCfg = Debug|Any CPU
		{DD7347C5-60EE-47FE-AED5-ED5B6B2F1A91}.Debug|x64.Build.0 = Debug|Any CPU
		{DD7347C5-60EE-47FE-AED5-ED5B6B2F1A91}.Debug|x86.ActiveCfg = Debug|Any CPU
		{DD7347C5-60EE-47FE-AED5-ED5B6B2F1A91}.Debug|x86.Build.0 = Debug|Any CPU
		{DD7347C5-60EE-47FE-AED5-ED5B6B2F1A91}.Release|Any CPU.ActiveCfg = Release|Any CPU
		{DD7347C5-60EE-47FE-AED5-ED5B6B2F1A91}.Release|Any CPU.Build.0 = Release|Any CPU
		{DD7347C5-60EE-47FE-AED5-ED5B6B2F1A91}.Release|x64.ActiveCfg = Release|Any CPU
		{DD7347C5-60EE-47FE-AED5-ED5B6B2F1A91}.Release|x64.Build.0 = Release|Any CPU
		{DD7347C5-60EE-47FE-AED5-ED5B6B2F1A91}.Release|x86.ActiveCfg = Release|Any CPU
		{DD7347C5-60EE-47FE-AED5-ED5B6B2F1A91}.Release|x86.Build.0 = Release|Any CPU
	EndGlobalSection
	GlobalSection(SolutionProperties) = preSolution
		HideSolutionNode = FALSE
	EndGlobalSection
	GlobalSection(NestedProjects) = preSolution
		{4E71645D-E036-4A16-BDCD-75F5A84977D1} = {995BF25C-138C-41CD-921D-8749193A4C09}
		{5B94E58E-4475-48C4-9C6E-8A75279EA7C7} = {995BF25C-138C-41CD-921D-8749193A4C09}
		{2D22A8AD-4FB6-4C6B-8113-90F1B7C6A956} = {995BF25C-138C-41CD-921D-8749193A4C09}
		{634EF2F0-767B-4656-9AB0-825B38A342BF} = {DBD72449-382E-4751-AB53-89D03C8D40FA}
		{FFB1D269-2FDF-435B-BDF0-FA02D755244A} = {DBD72449-382E-4751-AB53-89D03C8D40FA}
		{83C0E501-9A77-4016-AB8F-6007012306CA} = {DBD72449-382E-4751-AB53-89D03C8D40FA}
		{1BB61C71-D851-4E61-B538-77D9859495C5} = {4DDF9945-FB3F-48B9-B4A7-ED39356CAE16}
		{878613A3-A2D4-4095-871C-2C701BA5F18C} = {4DDF9945-FB3F-48B9-B4A7-ED39356CAE16}
		{4EAB2068-1201-46EE-B314-4CACD750390C} = {4DDF9945-FB3F-48B9-B4A7-ED39356CAE16}
		{95065CA0-F766-475C-B8B0-0E3B0E8E9A5B} = {87FB89B3-5DFF-4EEF-A0A8-5FC593982046}
		{5BE9D192-091F-4280-B443-3012CC8A044E} = {87FB89B3-5DFF-4EEF-A0A8-5FC593982046}
		{03BCA7B8-74DB-4CC3-81AC-CB78297950C1} = {87FB89B3-5DFF-4EEF-A0A8-5FC593982046}
		{1D8EE1CF-1D17-4A25-A07D-046FB0C1E0E2} = {0A368CFE-A00A-4C96-A679-D96C11571FEA}
		{22AF5E1E-A788-4EF1-A838-CD6495031216} = {0A368CFE-A00A-4C96-A679-D96C11571FEA}
		{1E6FBBF0-8904-44C7-B4BC-ADD8940C83F4} = {0A368CFE-A00A-4C96-A679-D96C11571FEA}
		{8242FDAF-3304-486E-B01F-4761EEC46600} = {0E4ECBDB-E378-45CF-A935-34A170407F4A}
		{C4E3F145-9457-472D-AF7A-56685E44BB49} = {0E4ECBDB-E378-45CF-A935-34A170407F4A}
		{DD7347C5-60EE-47FE-AED5-ED5B6B2F1A91} = {0E4ECBDB-E378-45CF-A935-34A170407F4A}
	EndGlobalSection
	GlobalSection(ExtensibilityGlobals) = postSolution
		SolutionGuid = {E4636BC6-2891-412D-AF40-6C888F636589}
	EndGlobalSection
EndGlobal
